
Microsoft Visual Studio Solution File, Format Version 12.00
# Visual Studio Version 16
VisualStudioVersion = 16.0.32802.440
MinimumVisualStudioVersion = 10.0.40219.1
Project("{FAE04EC0-301F-11D3-BF4B-00C04F79EFBC}") = "lstpr10", "dfet,fnm\lstpr10.csproj", "{29DFE5A5-D48C-4119-B0E8-BB13EABD18F7}"
EndProject
Global
	GlobalSection(SolutionConfigurationPlatforms) = preSolution
		Debug|Any CPU = Debug|Any CPU
		Release|Any CPU = Release|Any CPU
	EndGlobalSection
	GlobalSection(ProjectConfigurationPlatforms) = postSolution
		{29DFE5A5-D48C-4119-B0E8-BB13EABD18F7}.Debug|Any CPU.ActiveCfg = Debug|Any CPU
		{29DFE5A5-D48C-4119-B0E8-BB13EABD18F7}.Debug|Any CPU.Build.0 = Debug|Any CPU
		{29DFE5A5-D48C-4119-B0E8-BB13EABD18F7}.Release|Any CPU.ActiveCfg = Release|Any CPU
		{29DFE5A5-D48C-4119-B0E8-BB13EABD18F7}.Release|Any CPU.Build.0 = Release|Any CPU
	EndGlobalSection
	GlobalSection(SolutionProperties) = preSolution
		HideSolutionNode = FALSE
	EndGlobalSection
	GlobalSection(ExtensibilityGlobals) = postSolution
		SolutionGuid = {EDAF696E-3AC4-4FA8-942B-1F5D4AA90DDF}
	EndGlobalSection
EndGlobal
